
Microsoft Visual Studio Solution File, Format Version 12.00
# Visual Studio Version 17
VisualStudioVersion = 17.6.33829.357
MinimumVisualStudioVersion = 10.0.40219.1
Project("{FAE04EC0-301F-11D3-BF4B-00C04F79EFBC}") = "UNITEE_BACKEND", "UNITEE_BACKEND.csproj", "{B110FCD7-647A-473E-8984-3B380951E187}"
EndProject
Global
	GlobalSection(SolutionConfigurationPlatforms) = preSolution
		Debug|Any CPU = Debug|Any CPU
		Release|Any CPU = Release|Any CPU
	EndGlobalSection
	GlobalSection(ProjectConfigurationPlatforms) = postSolution
		{B110FCD7-647A-473E-8984-3B380951E187}.Debug|Any CPU.ActiveCfg = Debug|Any CPU
		{B110FCD7-647A-473E-8984-3B380951E187}.Debug|Any CPU.Build.0 = Debug|Any CPU
		{B110FCD7-647A-473E-8984-3B380951E187}.Release|Any CPU.ActiveCfg = Release|Any CPU
		{B110FCD7-647A-473E-8984-3B380951E187}.Release|Any CPU.Build.0 = Release|Any CPU
	EndGlobalSection
	GlobalSection(SolutionProperties) = preSolution
		HideSolutionNode = FALSE
	EndGlobalSection
	GlobalSection(ExtensibilityGlobals) = postSolution
		SolutionGuid = {654CE9B2-11E6-4CFC-83AB-06678F16A52E}
	EndGlobalSection
EndGlobal
